
Microsoft Visual Studio Solution File, Format Version 12.00
# Visual Studio Version 17
VisualStudioVersion = 17.6.33723.286
MinimumVisualStudioVersion = 10.0.40219.1
Project("{FAE04EC0-301F-11D3-BF4B-00C04F79EFBC}") = "ApiPetShop", "ApiPetShop\ApiPetShop.csproj", "{1613B1A7-F6A6-4336-B4C7-3F161F6FB92E}"
EndProject
Project("{FAE04EC0-301F-11D3-BF4B-00C04F79EFBC}") = "ApiPetShopLibrary", "ApiPetShopLibrary\ApiPetShopLibrary.csproj", "{01BD8ABA-3F1D-4B78-8527-323BE6395D18}"
EndProject
Global
	GlobalSection(SolutionConfigurationPlatforms) = preSolution
		Debug|Any CPU = Debug|Any CPU
		Release|Any CPU = Release|Any CPU
	EndGlobalSection
	GlobalSection(ProjectConfigurationPlatforms) = postSolution
		{1613B1A7-F6A6-4336-B4C7-3F161F6FB92E}.Debug|Any CPU.ActiveCfg = Debug|Any CPU
		{1613B1A7-F6A6-4336-B4C7-3F161F6FB92E}.Debug|Any CPU.Build.0 = Debug|Any CPU
		{1613B1A7-F6A6-4336-B4C7-3F161F6FB92E}.Release|Any CPU.ActiveCfg = Release|Any CPU
		{1613B1A7-F6A6-4336-B4C7-3F161F6FB92E}.Release|Any CPU.Build.0 = Release|Any CPU
		{01BD8ABA-3F1D-4B78-8527-323BE6395D18}.Debug|Any CPU.ActiveCfg = Debug|Any CPU
		{01BD8ABA-3F1D-4B78-8527-323BE6395D18}.Debug|Any CPU.Build.0 = Debug|Any CPU
		{01BD8ABA-3F1D-4B78-8527-323BE6395D18}.Release|Any CPU.ActiveCfg = Release|Any CPU
		{01BD8ABA-3F1D-4B78-8527-323BE6395D18}.Release|Any CPU.Build.0 = Release|Any CPU
	EndGlobalSection
	GlobalSection(SolutionProperties) = preSolution
		HideSolutionNode = FALSE
	EndGlobalSection
	GlobalSection(ExtensibilityGlobals) = postSolution
		SolutionGuid = {36134AEC-0679-4DA7-BFE1-3C8F035AA104}
	EndGlobalSection
EndGlobal
